%{"ex_doc": {:hex, :ex_doc, "0.7.3", "8f52bfbfcbc0206dd08dd94aae86a3fd5330ba2f37c73cfea2918ed4c96d1769", [:mix], [{:earmark, "~> 0.1.17 or ~> 0.2", [hex: :earmark, optional: true]}]},
  "logfmt": {:hex, :logfmt, "3.0.2", "8d1266d8ea4e35cb476952723a9c91e0684caa233bf51a6e58187598be50da60", [:mix], []},
  "logfmt-elixir": {:git, "https://github.com/jclem/logfmt-elixir.git", "9a961a5d82caabd0fcb400bffe4249e3129ca227", []}}
