%{"earmark": {:hex, :earmark, "1.0.3", "89bdbaf2aca8bbb5c97d8b3b55c5dd0cff517ecc78d417e87f1d0982e514557b", [:mix], [], "hexpm"},
  "ex_doc": {:hex, :ex_doc, "0.14.5", "c0433c8117e948404d93ca69411dd575ec6be39b47802e81ca8d91017a0cf83c", [:mix], [{:earmark, "~> 1.0", [hex: :earmark, repo: "hexpm", optional: false]}], "hexpm"},
  "logfmt": {:hex, :logfmt, "3.2.0", "887a091adad28acc6e4d8b3d3bce177b934e7c61e7655c86946410f44aca6d84", [:mix], [], "hexpm"},
  "logfmt-elixir": {:git, "https://github.com/jclem/logfmt-elixir.git", "9a961a5d82caabd0fcb400bffe4249e3129ca227", []}}
